
Microsoft Visual Studio Solution File, Format Version 12.00
# Visual Studio 14
VisualStudioVersion = 14.0.25420.1
MinimumVisualStudioVersion = 10.0.40219.1
Project("{FAE04EC0-301F-11D3-BF4B-00C04F79EFBC}") = "Lenny", "Lenny\Lenny.csproj", "{8578BE40-EA0D-493B-815D-1CE7DED6E274}"
EndProject
Global
	GlobalSection(SolutionConfigurationPlatforms) = preSolution
		Debug|Any CPU = Debug|Any CPU
		Release|Any CPU = Release|Any CPU
	EndGlobalSection
	GlobalSection(ProjectConfigurationPlatforms) = postSolution
		{8578BE40-EA0D-493B-815D-1CE7DED6E274}.Debug|Any CPU.ActiveCfg = Debug|Any CPU
		{8578BE40-EA0D-493B-815D-1CE7DED6E274}.Debug|Any CPU.Build.0 = Debug|Any CPU
		{8578BE40-EA0D-493B-815D-1CE7DED6E274}.Release|Any CPU.ActiveCfg = Release|Any CPU
		{8578BE40-EA0D-493B-815D-1CE7DED6E274}.Release|Any CPU.Build.0 = Release|Any CPU
	EndGlobalSection
	GlobalSection(SolutionProperties) = preSolution
		HideSolutionNode = FALSE
	EndGlobalSection
EndGlobal
